
Microsoft Visual Studio Solution File, Format Version 12.00
# Visual Studio 15
VisualStudioVersion = 15.0.26124.0
MinimumVisualStudioVersion = 15.0.26124.0
Project("{FAE04EC0-301F-11D3-BF4B-00C04F79EFBC}") = "People.Service", "People.Service\People.Service.csproj", "{3AF36EB9-D3B3-4128-B671-9F17B290FD82}"
EndProject
Project("{FAE04EC0-301F-11D3-BF4B-00C04F79EFBC}") = "UsingTask.Library", "UsingTask.Library\UsingTask.Library.csproj", "{737BBDE3-30C4-4108-B955-D19B3A2E1E7F}"
EndProject
Project("{FAE04EC0-301F-11D3-BF4B-00C04F79EFBC}") = "UsingTask.Shared", "UsingTask.Shared\UsingTask.Shared.csproj", "{E92F952E-1830-4FFE-94C5-84FE8E751862}"
EndProject
Project("{FAE04EC0-301F-11D3-BF4B-00C04F79EFBC}") = "UsingTask.UI", "UsingTask.UI\UsingTask.UI.csproj", "{287FF024-A5A6-4E84-81E8-3263000574A7}"
EndProject
Global
	GlobalSection(SolutionConfigurationPlatforms) = preSolution
		Debug|Any CPU = Debug|Any CPU
		Debug|x64 = Debug|x64
		Debug|x86 = Debug|x86
		Release|Any CPU = Release|Any CPU
		Release|x64 = Release|x64
		Release|x86 = Release|x86
	EndGlobalSection
	GlobalSection(SolutionProperties) = preSolution
		HideSolutionNode = FALSE
	EndGlobalSection
	GlobalSection(ProjectConfigurationPlatforms) = postSolution
		{3AF36EB9-D3B3-4128-B671-9F17B290FD82}.Debug|Any CPU.ActiveCfg = Debug|Any CPU
		{3AF36EB9-D3B3-4128-B671-9F17B290FD82}.Debug|Any CPU.Build.0 = Debug|Any CPU
		{3AF36EB9-D3B3-4128-B671-9F17B290FD82}.Debug|x64.ActiveCfg = Debug|Any CPU
		{3AF36EB9-D3B3-4128-B671-9F17B290FD82}.Debug|x64.Build.0 = Debug|Any CPU
		{3AF36EB9-D3B3-4128-B671-9F17B290FD82}.Debug|x86.ActiveCfg = Debug|Any CPU
		{3AF36EB9-D3B3-4128-B671-9F17B290FD82}.Debug|x86.Build.0 = Debug|Any CPU
		{3AF36EB9-D3B3-4128-B671-9F17B290FD82}.Release|Any CPU.ActiveCfg = Release|Any CPU
		{3AF36EB9-D3B3-4128-B671-9F17B290FD82}.Release|Any CPU.Build.0 = Release|Any CPU
		{3AF36EB9-D3B3-4128-B671-9F17B290FD82}.Release|x64.ActiveCfg = Release|Any CPU
		{3AF36EB9-D3B3-4128-B671-9F17B290FD82}.Release|x64.Build.0 = Release|Any CPU
		{3AF36EB9-D3B3-4128-B671-9F17B290FD82}.Release|x86.ActiveCfg = Release|Any CPU
		{3AF36EB9-D3B3-4128-B671-9F17B290FD82}.Release|x86.Build.0 = Release|Any CPU
		{737BBDE3-30C4-4108-B955-D19B3A2E1E7F}.Debug|Any CPU.ActiveCfg = Debug|Any CPU
		{737BBDE3-30C4-4108-B955-D19B3A2E1E7F}.Debug|Any CPU.Build.0 = Debug|Any CPU
		{737BBDE3-30C4-4108-B955-D19B3A2E1E7F}.Debug|x64.ActiveCfg = Debug|Any CPU
		{737BBDE3-30C4-4108-B955-D19B3A2E1E7F}.Debug|x64.Build.0 = Debug|Any CPU
		{737BBDE3-30C4-4108-B955-D19B3A2E1E7F}.Debug|x86.ActiveCfg = Debug|Any CPU
		{737BBDE3-30C4-4108-B955-D19B3A2E1E7F}.Debug|x86.Build.0 = Debug|Any CPU
		{737BBDE3-30C4-4108-B955-D19B3A2E1E7F}.Release|Any CPU.ActiveCfg = Release|Any CPU
		{737BBDE3-30C4-4108-B955-D19B3A2E1E7F}.Release|Any CPU.Build.0 = Release|Any CPU
		{737BBDE3-30C4-4108-B955-D19B3A2E1E7F}.Release|x64.ActiveCfg = Release|Any CPU
		{737BBDE3-30C4-4108-B955-D19B3A2E1E7F}.Release|x64.Build.0 = Release|Any CPU
		{737BBDE3-30C4-4108-B955-D19B3A2E1E7F}.Release|x86.ActiveCfg = Release|Any CPU
		{737BBDE3-30C4-4108-B955-D19B3A2E1E7F}.Release|x86.Build.0 = Release|Any CPU
		{E92F952E-1830-4FFE-94C5-84FE8E751862}.Debug|Any CPU.ActiveCfg = Debug|Any CPU
		{E92F952E-1830-4FFE-94C5-84FE8E751862}.Debug|Any CPU.Build.0 = Debug|Any CPU
		{E92F952E-1830-4FFE-94C5-84FE8E751862}.Debug|x64.ActiveCfg = Debug|Any CPU
		{E92F952E-1830-4FFE-94C5-84FE8E751862}.Debug|x64.Build.0 = Debug|Any CPU
		{E92F952E-1830-4FFE-94C5-84FE8E751862}.Debug|x86.ActiveCfg = Debug|Any CPU
		{E92F952E-1830-4FFE-94C5-84FE8E751862}.Debug|x86.Build.0 = Debug|Any CPU
		{E92F952E-1830-4FFE-94C5-84FE8E751862}.Release|Any CPU.ActiveCfg = Release|Any CPU
		{E92F952E-1830-4FFE-94C5-84FE8E751862}.Release|Any CPU.Build.0 = Release|Any CPU
		{E92F952E-1830-4FFE-94C5-84FE8E751862}.Release|x64.ActiveCfg = Release|Any CPU
		{E92F952E-1830-4FFE-94C5-84FE8E751862}.Release|x64.Build.0 = Release|Any CPU
		{E92F952E-1830-4FFE-94C5-84FE8E751862}.Release|x86.ActiveCfg = Release|Any CPU
		{E92F952E-1830-4FFE-94C5-84FE8E751862}.Release|x86.Build.0 = Release|Any CPU
		{287FF024-A5A6-4E84-81E8-3263000574A7}.Debug|Any CPU.ActiveCfg = Debug|Any CPU
		{287FF024-A5A6-4E84-81E8-3263000574A7}.Debug|Any CPU.Build.0 = Debug|Any CPU
		{287FF024-A5A6-4E84-81E8-3263000574A7}.Debug|x64.ActiveCfg = Debug|Any CPU
		{287FF024-A5A6-4E84-81E8-3263000574A7}.Debug|x64.Build.0 = Debug|Any CPU
		{287FF024-A5A6-4E84-81E8-3263000574A7}.Debug|x86.ActiveCfg = Debug|Any CPU
		{287FF024-A5A6-4E84-81E8-3263000574A7}.Debug|x86.Build.0 = Debug|Any CPU
		{287FF024-A5A6-4E84-81E8-3263000574A7}.Release|Any CPU.ActiveCfg = Release|Any CPU
		{287FF024-A5A6-4E84-81E8-3263000574A7}.Release|Any CPU.Build.0 = Release|Any CPU
		{287FF024-A5A6-4E84-81E8-3263000574A7}.Release|x64.ActiveCfg = Release|Any CPU
		{287FF024-A5A6-4E84-81E8-3263000574A7}.Release|x64.Build.0 = Release|Any CPU
		{287FF024-A5A6-4E84-81E8-3263000574A7}.Release|x86.ActiveCfg = Release|Any CPU
		{287FF024-A5A6-4E84-81E8-3263000574A7}.Release|x86.Build.0 = Release|Any CPU
	EndGlobalSection
EndGlobal
